
Microsoft Visual Studio Solution File, Format Version 12.00
# Visual Studio Version 17
VisualStudioVersion = 17.2.32630.192
MinimumVisualStudioVersion = 10.0.40219.1
Project("{FAE04EC0-301F-11D3-BF4B-00C04F79EFBC}") = "20230329", "20230329\20230329.csproj", "{A15ED6F3-8EF3-4BDF-B71F-4F2C04BFA662}"
EndProject
Global
	GlobalSection(SolutionConfigurationPlatforms) = preSolution
		Debug|Any CPU = Debug|Any CPU
		Release|Any CPU = Release|Any CPU
	EndGlobalSection
	GlobalSection(ProjectConfigurationPlatforms) = postSolution
		{A15ED6F3-8EF3-4BDF-B71F-4F2C04BFA662}.Debug|Any CPU.ActiveCfg = Debug|Any CPU
		{A15ED6F3-8EF3-4BDF-B71F-4F2C04BFA662}.Debug|Any CPU.Build.0 = Debug|Any CPU
		{A15ED6F3-8EF3-4BDF-B71F-4F2C04BFA662}.Release|Any CPU.ActiveCfg = Release|Any CPU
		{A15ED6F3-8EF3-4BDF-B71F-4F2C04BFA662}.Release|Any CPU.Build.0 = Release|Any CPU
	EndGlobalSection
	GlobalSection(SolutionProperties) = preSolution
		HideSolutionNode = FALSE
	EndGlobalSection
	GlobalSection(ExtensibilityGlobals) = postSolution
		SolutionGuid = {C809E585-2112-4817-882F-82DA7E51A561}
	EndGlobalSection
EndGlobal
